
Microsoft Visual Studio Solution File, Format Version 12.00
# Visual Studio Version 17
VisualStudioVersion = 17.11.35103.136
MinimumVisualStudioVersion = 10.0.40219.1
Project("{FAE04EC0-301F-11D3-BF4B-00C04F79EFBC}") = "Streamliner", "Streamliner\Streamliner.csproj", "{24F26842-044D-4BA0-9466-9334F83F419F}"
EndProject
Project("{FAE04EC0-301F-11D3-BF4B-00C04F79EFBC}") = "Streamliner.Server", "Streamliner.Server\Streamliner.Server.csproj", "{2485C7C3-603D-4B81-9ECF-06314A4552A8}"
EndProject
Project("{FAE04EC0-301F-11D3-BF4B-00C04F79EFBC}") = "Streamliner.DataContracts", "Streamliner.DataContracts\Streamliner.DataContracts.csproj", "{1D11FB65-B95D-4B9F-89BD-F2939C84DE31}"
EndProject
Project("{2150E333-8FDC-42A3-9474-1A3956D46DE8}") = "Solution Items", "Solution Items", "{0F337DD6-CE68-4BC7-9A18-30F2FB179F3E}"
	ProjectSection(SolutionItems) = preProject
		.gitignore = .gitignore
		Directory.Build.props = Directory.Build.props
		Directory.Build.targets = Directory.Build.targets
		Directory.Packages.props = Directory.Packages.props
		global.json = global.json
	EndProjectSection
EndProject
Global
	GlobalSection(SolutionConfigurationPlatforms) = preSolution
		Debug|Any CPU = Debug|Any CPU
		Release|Any CPU = Release|Any CPU
	EndGlobalSection
	GlobalSection(ProjectConfigurationPlatforms) = postSolution
		{24F26842-044D-4BA0-9466-9334F83F419F}.Debug|Any CPU.ActiveCfg = Debug|Any CPU
		{24F26842-044D-4BA0-9466-9334F83F419F}.Debug|Any CPU.Build.0 = Debug|Any CPU
		{24F26842-044D-4BA0-9466-9334F83F419F}.Debug|Any CPU.Deploy.0 = Debug|Any CPU
		{24F26842-044D-4BA0-9466-9334F83F419F}.Release|Any CPU.ActiveCfg = Release|Any CPU
		{24F26842-044D-4BA0-9466-9334F83F419F}.Release|Any CPU.Build.0 = Release|Any CPU
		{24F26842-044D-4BA0-9466-9334F83F419F}.Release|Any CPU.Deploy.0 = Release|Any CPU
		{2485C7C3-603D-4B81-9ECF-06314A4552A8}.Debug|Any CPU.ActiveCfg = Debug|Any CPU
		{2485C7C3-603D-4B81-9ECF-06314A4552A8}.Debug|Any CPU.Build.0 = Debug|Any CPU
		{2485C7C3-603D-4B81-9ECF-06314A4552A8}.Debug|Any CPU.Deploy.0 = Debug|Any CPU
		{2485C7C3-603D-4B81-9ECF-06314A4552A8}.Release|Any CPU.ActiveCfg = Release|Any CPU
		{2485C7C3-603D-4B81-9ECF-06314A4552A8}.Release|Any CPU.Build.0 = Release|Any CPU
		{2485C7C3-603D-4B81-9ECF-06314A4552A8}.Release|Any CPU.Deploy.0 = Release|Any CPU
		{1D11FB65-B95D-4B9F-89BD-F2939C84DE31}.Debug|Any CPU.ActiveCfg = Debug|Any CPU
		{1D11FB65-B95D-4B9F-89BD-F2939C84DE31}.Debug|Any CPU.Build.0 = Debug|Any CPU
		{1D11FB65-B95D-4B9F-89BD-F2939C84DE31}.Debug|Any CPU.Deploy.0 = Debug|Any CPU
		{1D11FB65-B95D-4B9F-89BD-F2939C84DE31}.Release|Any CPU.ActiveCfg = Release|Any CPU
		{1D11FB65-B95D-4B9F-89BD-F2939C84DE31}.Release|Any CPU.Build.0 = Release|Any CPU
		{1D11FB65-B95D-4B9F-89BD-F2939C84DE31}.Release|Any CPU.Deploy.0 = Release|Any CPU
	EndGlobalSection
	GlobalSection(SolutionProperties) = preSolution
		HideSolutionNode = FALSE
	EndGlobalSection
	GlobalSection(ExtensibilityGlobals) = postSolution
		SolutionGuid = {6857A657-BC6A-43A2-87B3-39C12279C72D}
	EndGlobalSection
EndGlobal
